
Microsoft Visual Studio Solution File, Format Version 12.00
# Visual Studio 15
VisualStudioVersion = 15.0.27703.2047
MinimumVisualStudioVersion = 10.0.40219.1
Project("{9A19103F-16F7-4668-BE54-9A1E7A4F7556}") = "K2.Web", "K2.Web\K2.Web.csproj", "{F865DBE1-A7EB-4FCF-A6EA-E84DB1142024}"
EndProject
Global
	GlobalSection(SolutionConfigurationPlatforms) = preSolution
		Debug|Any CPU = Debug|Any CPU
		Release|Any CPU = Release|Any CPU
	EndGlobalSection
	GlobalSection(ProjectConfigurationPlatforms) = postSolution
		{F865DBE1-A7EB-4FCF-A6EA-E84DB1142024}.Debug|Any CPU.ActiveCfg = Debug|Any CPU
		{F865DBE1-A7EB-4FCF-A6EA-E84DB1142024}.Debug|Any CPU.Build.0 = Debug|Any CPU
		{F865DBE1-A7EB-4FCF-A6EA-E84DB1142024}.Release|Any CPU.ActiveCfg = Release|Any CPU
		{F865DBE1-A7EB-4FCF-A6EA-E84DB1142024}.Release|Any CPU.Build.0 = Release|Any CPU
	EndGlobalSection
	GlobalSection(SolutionProperties) = preSolution
		HideSolutionNode = FALSE
	EndGlobalSection
	GlobalSection(ExtensibilityGlobals) = postSolution
		SolutionGuid = {072DF348-4F32-40D2-9EC5-2E1397754BE8}
	EndGlobalSection
EndGlobal
