
Microsoft Visual Studio Solution File, Format Version 12.00
# Visual Studio 15
VisualStudioVersion = 15.0.27703.2047
MinimumVisualStudioVersion = 10.0.40219.1
Project("{9A19103F-16F7-4668-BE54-9A1E7A4F7556}") = "K2.Api", "K2.Api\K2.Api.csproj", "{6786C225-4C84-4FFA-A801-1440C9C13600}"
EndProject
Project("{9A19103F-16F7-4668-BE54-9A1E7A4F7556}") = "K2.Dominio", "K2.Dominio\K2.Dominio.csproj", "{87BFC801-E588-4EB9-876A-E12AFEC06976}"
EndProject
Project("{2150E333-8FDC-42A3-9474-1A3956D46DE8}") = "1 - Frontend", "1 - Frontend", "{171B5734-BE67-4591-821B-D20EE63AD664}"
EndProject
Project("{2150E333-8FDC-42A3-9474-1A3956D46DE8}") = "2 - Backend", "2 - Backend", "{9D5C5DEB-BA29-4162-BADA-768DEA033F38}"
EndProject
Project("{9A19103F-16F7-4668-BE54-9A1E7A4F7556}") = "K2.Infraestrutura.Dados", "K2.Infraestrutura.Dados\K2.Infraestrutura.Dados.csproj", "{CD96CD19-4492-486B-95FC-9B72ABA14771}"
EndProject
Project("{9A19103F-16F7-4668-BE54-9A1E7A4F7556}") = "K2.Web", "K2.Web\K2.Web.csproj", "{05DC3CD7-F9B6-452F-B9DF-DF85002FB659}"
EndProject
Project("{9A19103F-16F7-4668-BE54-9A1E7A4F7556}") = "K2.Infraestrutura", "K2.Infraestrutura\K2.Infraestrutura.csproj", "{F202DF5B-E5DD-4301-9EA1-9EC45D81E6FE}"
EndProject
Project("{9A19103F-16F7-4668-BE54-9A1E7A4F7556}") = "K2.Api.Models", "K2.Api.Models\K2.Api.Models.csproj", "{740C061B-3E1E-41D6-807B-85D63ACE4401}"
EndProject
Global
	GlobalSection(SolutionConfigurationPlatforms) = preSolution
		Debug|Any CPU = Debug|Any CPU
		Release|Any CPU = Release|Any CPU
	EndGlobalSection
	GlobalSection(ProjectConfigurationPlatforms) = postSolution
		{6786C225-4C84-4FFA-A801-1440C9C13600}.Debug|Any CPU.ActiveCfg = Debug|Any CPU
		{6786C225-4C84-4FFA-A801-1440C9C13600}.Debug|Any CPU.Build.0 = Debug|Any CPU
		{6786C225-4C84-4FFA-A801-1440C9C13600}.Release|Any CPU.ActiveCfg = Release|Any CPU
		{6786C225-4C84-4FFA-A801-1440C9C13600}.Release|Any CPU.Build.0 = Release|Any CPU
		{87BFC801-E588-4EB9-876A-E12AFEC06976}.Debug|Any CPU.ActiveCfg = Debug|Any CPU
		{87BFC801-E588-4EB9-876A-E12AFEC06976}.Debug|Any CPU.Build.0 = Debug|Any CPU
		{87BFC801-E588-4EB9-876A-E12AFEC06976}.Release|Any CPU.ActiveCfg = Release|Any CPU
		{87BFC801-E588-4EB9-876A-E12AFEC06976}.Release|Any CPU.Build.0 = Release|Any CPU
		{CD96CD19-4492-486B-95FC-9B72ABA14771}.Debug|Any CPU.ActiveCfg = Debug|Any CPU
		{CD96CD19-4492-486B-95FC-9B72ABA14771}.Debug|Any CPU.Build.0 = Debug|Any CPU
		{CD96CD19-4492-486B-95FC-9B72ABA14771}.Release|Any CPU.ActiveCfg = Release|Any CPU
		{CD96CD19-4492-486B-95FC-9B72ABA14771}.Release|Any CPU.Build.0 = Release|Any CPU
		{05DC3CD7-F9B6-452F-B9DF-DF85002FB659}.Debug|Any CPU.ActiveCfg = Debug|Any CPU
		{05DC3CD7-F9B6-452F-B9DF-DF85002FB659}.Debug|Any CPU.Build.0 = Debug|Any CPU
		{05DC3CD7-F9B6-452F-B9DF-DF85002FB659}.Release|Any CPU.ActiveCfg = Release|Any CPU
		{05DC3CD7-F9B6-452F-B9DF-DF85002FB659}.Release|Any CPU.Build.0 = Release|Any CPU
		{F202DF5B-E5DD-4301-9EA1-9EC45D81E6FE}.Debug|Any CPU.ActiveCfg = Debug|Any CPU
		{F202DF5B-E5DD-4301-9EA1-9EC45D81E6FE}.Debug|Any CPU.Build.0 = Debug|Any CPU
		{F202DF5B-E5DD-4301-9EA1-9EC45D81E6FE}.Release|Any CPU.ActiveCfg = Release|Any CPU
		{F202DF5B-E5DD-4301-9EA1-9EC45D81E6FE}.Release|Any CPU.Build.0 = Release|Any CPU
		{740C061B-3E1E-41D6-807B-85D63ACE4401}.Debug|Any CPU.ActiveCfg = Debug|Any CPU
		{740C061B-3E1E-41D6-807B-85D63ACE4401}.Debug|Any CPU.Build.0 = Debug|Any CPU
		{740C061B-3E1E-41D6-807B-85D63ACE4401}.Release|Any CPU.ActiveCfg = Release|Any CPU
		{740C061B-3E1E-41D6-807B-85D63ACE4401}.Release|Any CPU.Build.0 = Release|Any CPU
	EndGlobalSection
	GlobalSection(SolutionProperties) = preSolution
		HideSolutionNode = FALSE
	EndGlobalSection
	GlobalSection(NestedProjects) = preSolution
		{6786C225-4C84-4FFA-A801-1440C9C13600} = {9D5C5DEB-BA29-4162-BADA-768DEA033F38}
		{87BFC801-E588-4EB9-876A-E12AFEC06976} = {9D5C5DEB-BA29-4162-BADA-768DEA033F38}
		{CD96CD19-4492-486B-95FC-9B72ABA14771} = {9D5C5DEB-BA29-4162-BADA-768DEA033F38}
		{05DC3CD7-F9B6-452F-B9DF-DF85002FB659} = {171B5734-BE67-4591-821B-D20EE63AD664}
		{F202DF5B-E5DD-4301-9EA1-9EC45D81E6FE} = {9D5C5DEB-BA29-4162-BADA-768DEA033F38}
		{740C061B-3E1E-41D6-807B-85D63ACE4401} = {9D5C5DEB-BA29-4162-BADA-768DEA033F38}
	EndGlobalSection
	GlobalSection(ExtensibilityGlobals) = postSolution
		SolutionGuid = {072DF348-4F32-40D2-9EC5-2E1397754BE8}
	EndGlobalSection
EndGlobal
